
Microsoft Visual Studio Solution File, Format Version 12.00
# Visual Studio Version 17
VisualStudioVersion = 17.14.36408.4
MinimumVisualStudioVersion = 10.0.40219.1
Project("{FAE04EC0-301F-11D3-BF4B-00C04F79EFBC}") = "ProyectoSubastasWinForms_NET8", "ProyectoSubastasWinForms_NET8.csproj", "{DF0B9022-2FA0-4E88-85E7-BFB04986EA82}"
EndProject
Global
	GlobalSection(SolutionConfigurationPlatforms) = preSolution
		Debug|Any CPU = Debug|Any CPU
		Release|Any CPU = Release|Any CPU
	EndGlobalSection
	GlobalSection(ProjectConfigurationPlatforms) = postSolution
		{DF0B9022-2FA0-4E88-85E7-BFB04986EA82}.Debug|Any CPU.ActiveCfg = Debug|Any CPU
		{DF0B9022-2FA0-4E88-85E7-BFB04986EA82}.Debug|Any CPU.Build.0 = Debug|Any CPU
		{DF0B9022-2FA0-4E88-85E7-BFB04986EA82}.Release|Any CPU.ActiveCfg = Release|Any CPU
		{DF0B9022-2FA0-4E88-85E7-BFB04986EA82}.Release|Any CPU.Build.0 = Release|Any CPU
	EndGlobalSection
	GlobalSection(SolutionProperties) = preSolution
		HideSolutionNode = FALSE
	EndGlobalSection
	GlobalSection(ExtensibilityGlobals) = postSolution
		SolutionGuid = {52209D4E-D325-45F8-989F-E561FF53ED0C}
	EndGlobalSection
EndGlobal
